dependencies:
- name: kmcp
  repository: oci://ghcr.io/kagent-dev/kmcp/helm
  version: 0.1.8
- name: kagent-tools
  repository: oci://ghcr.io/kagent-dev/tools/helm
  version: 0.0.12
- name: grafana-mcp
  repository: file://../tools/grafana-mcp
  version: 0.7.2
- name: querydoc
  repository: file://../tools/querydoc
  version: 0.7.2
- name: k8s-agent
  repository: file://../agents/k8s
  version: 0.7.2
- name: kgateway-agent
  repository: file://../agents/kgateway
  version: 0.7.2
- name: istio-agent
  repository: file://../agents/istio
  version: 0.7.2
- name: promql-agent
  repository: file://../agents/promql
  version: 0.7.2
- name: observability-agent
  repository: file://../agents/observability
  version: 0.7.2
- name: argo-rollouts-agent
  repository: file://../agents/argo-rollouts
  version: 0.7.2
- name: helm-agent
  repository: file://../agents/helm
  version: 0.7.2
- name: cilium-policy-agent
  repository: file://../agents/cilium-policy
  version: 0.7.2
- name: cilium-manager-agent
  repository: file://../agents/cilium-manager
  version: 0.7.2
- name: cilium-debug-agent
  repository: file://../agents/cilium-debug
  version: 0.7.2
digest: sha256:87c8eb798fae3bba986da6134710c0a5192a1022a0c45d41ded9b5993add7233
generated: "2025-10-30T15:42:37.736717772Z"
